// !$*UTF8*$!
{
	archiveVersion = 1;
	classes = {
	};
	objectVersion = 46;
	objects = {

/* Begin PBXBuildFile section */
		3AC5FA521A2A4D9700DF34F2 /* main.m in Sources */ = {isa = PBXBuildFile; fileRef = 3AC5FA511A2A4D9700DF34F2 /* main.m */; };
		3AC5FA551A2A4D9700DF34F2 /* AppDelegate.m in Sources */ = {isa = PBXBuildFile; fileRef = 3AC5FA541A2A4D9700DF34F2 /* AppDelegate.m */; };
		3AC5FA581A2A4D9700DF34F2 /* ViewController.m in Sources */ = {isa = PBXBuildFile; fileRef = 3AC5FA571A2A4D9700DF34F2 /* ViewController.m */; };
		3AC5FA5B1A2A4D9700DF34F2 /* Main.storyboard in Resources */ = {isa = PBXBuildFile; fileRef = 3AC5FA591A2A4D9700DF34F2 /* Main.storyboard */; };
		3AC5FA5D1A2A4D9700DF34F2 /* Images.xcassets in Resources */ = {isa = PBXBuildFile; fileRef = 3AC5FA5C1A2A4D9700DF34F2 /* Images.xcassets */; };
		3AC5FA601A2A4D9700DF34F2 /* LaunchScreen.xib in Resources */ = {isa = PBXBuildFile; fileRef = 3AC5FA5E1A2A4D9700DF34F2 /* LaunchScreen.xib */; };
		3AC5FA6C1A2A4D9700DF34F2 /* ui_elementsTests.m in Sources */ = {isa = PBXBuildFile; fileRef = 3AC5FA6B1A2A4D9700DF34F2 /* ui_elementsTests.m */; };
		3AC5FA781A2A911900DF34F2 /* apple.png in Resources */ = {isa = PBXBuildFile; fileRef = 3AC5FA771A2A911900DF34F2 /* apple.png */; };
/* End PBXBuildFile section */

/* Begin PBXContainerItemProxy section */
		3AC5FA661A2A4D9700DF34F2 /* PBXContainerItemProxy */ = {
			isa = PBXContainerItemProxy;
			containerPortal = 3AC5FA441A2A4D9700DF34F2 /* Project object */;
			proxyType = 1;
			remoteGlobalIDString = 3AC5FA4B1A2A4D9700DF34F2;
			remoteInfo = ui_elements;
		};
/* End PBXContainerItemProxy section */

/* Begin PBXFileReference section */
		3AC5FA4C1A2A4D9700DF34F2 /* ui_elements.app */ = {isa = PBXFileReference; explicitFileType = wrapper.application; includeInIndex = 0; path = ui_elements.app; sourceTree = BUILT_PRODUCTS_DIR; };
		3AC5FA501A2A4D9700DF34F2 /* Info.plist */ = {isa = PBXFileReference; lastKnownFileType = text.plist.xml; path = Info.plist; sourceTree = "<group>"; };
		3AC5FA511A2A4D9700DF34F2 /* main.m */ = {isa = PBXFileReference; lastKnownFileType = sourcecode.c.objc; path = main.m; sourceTree = "<group>"; };
		3AC5FA531A2A4D9700DF34F2 /* AppDelegate.h */ = {isa = PBXFileReference; lastKnownFileType = sourcecode.c.h; path = AppDelegate.h; sourceTree = "<group>"; };
		3AC5FA541A2A4D9700DF34F2 /* AppDelegate.m */ = {isa = PBXFileReference; lastKnownFileType = sourcecode.c.objc; path = AppDelegate.m; sourceTree = "<group>"; };
		3AC5FA561A2A4D9700DF34F2 /* ViewController.h */ = {isa = PBXFileReference; lastKnownFileType = sourcecode.c.h; path = ViewController.h; sourceTree = "<group>"; };
		3AC5FA571A2A4D9700DF34F2 /* ViewController.m */ = {isa = PBXFileReference; lastKnownFileType = sourcecode.c.objc; path = ViewController.m; sourceTree = "<group>"; };
		3AC5FA5A1A2A4D9700DF34F2 /* Base */ = {isa = PBXFileReference; lastKnownFileType = file.storyboard; name = Base; path = Base.lproj/Main.storyboard; sourceTree = "<group>"; };
		3AC5FA5C1A2A4D9700DF34F2 /* Images.xcassets */ = {isa = PBXFileReference; lastKnownFileType = folder.assetcatalog; path = Images.xcassets; sourceTree = "<group>"; };
		3AC5FA5F1A2A4D9700DF34F2 /* Base */ = {isa = PBXFileReference; lastKnownFileType = file.xib; name = Base; path = Base.lproj/LaunchScreen.xib; sourceTree = "<group>"; };
		3AC5FA651A2A4D9700DF34F2 /* ui_elementsTests.xctest */ = {isa = PBXFileReference; explicitFileType = wrapper.cfbundle; includeInIndex = 0; path = ui_elementsTests.xctest; sourceTree = BUILT_PRODUCTS_DIR; };
		3AC5FA6A1A2A4D9700DF34F2 /* Info.plist */ = {isa = PBXFileReference; lastKnownFileType = text.plist.xml; path = Info.plist; sourceTree = "<group>"; };
		3AC5FA6B1A2A4D9700DF34F2 /* ui_elementsTests.m */ = {isa = PBXFileReference; lastKnownFileType = sourcecode.c.objc; path = ui_elementsTests.m; sourceTree = "<group>"; };
		3AC5FA771A2A911900DF34F2 /* apple.png */ = {isa = PBXFileReference; lastKnownFileType = image.png; name = apple.png; path = ../../../../../Desktop/apple.png; sourceTree = "<group>"; };
/* End PBXFileReference section */

/* Begin PBXFrameworksBuildPhase section */
		3AC5FA491A2A4D9700DF34F2 /* Frameworks */ = {
			isa = PBXFrameworksBuildPhase;
			buildActionMask = 2147483647;
			files = (
			);
			runOnlyForDeploymentPostprocessing = 0;
		};
		3AC5FA621A2A4D9700DF34F2 /* Frameworks */ = {
			isa = PBXFrameworksBuildPhase;
			buildActionMask = 2147483647;
			files = (
			);
			runOnlyForDeploymentPostprocessing = 0;
		};
/* End PBXFrameworksBuildPhase section */

/* Begin PBXGroup section */
		3AC5FA431A2A4D9700DF34F2 = {
			isa = PBXGroup;
			children = (
				3AC5FA4E1A2A4D9700DF34F2 /* ui_elements */,
				3AC5FA681A2A4D9700DF34F2 /* ui_elementsTests */,
				3AC5FA4D1A2A4D9700DF34F2 /* Products */,
			);
			sourceTree = "<group>";
		};
		3AC5FA4D1A2A4D9700DF34F2 /* Products */ = {
			isa = PBXGroup;
			children = (
				3AC5FA4C1A2A4D9700DF34F2 /* ui_elements.app */,
				3AC5FA651A2A4D9700DF34F2 /* ui_elementsTests.xctest */,
			);
			name = Products;
			sourceTree = "<group>";
		};
		3AC5FA4E1A2A4D9700DF34F2 /* ui_elements */ = {
			isa = PBXGroup;
			children = (
				3AC5FA771A2A911900DF34F2 /* apple.png */,
				3AC5FA531A2A4D9700DF34F2 /* AppDelegate.h */,
				3AC5FA541A2A4D9700DF34F2 /* AppDelegate.m */,
				3AC5FA561A2A4D9700DF34F2 /* ViewController.h */,
				3AC5FA571A2A4D9700DF34F2 /* ViewController.m */,
				3AC5FA591A2A4D9700DF34F2 /* Main.storyboard */,
				3AC5FA5C1A2A4D9700DF34F2 /* Images.xcassets */,
				3AC5FA5E1A2A4D9700DF34F2 /* LaunchScreen.xib */,
				3AC5FA4F1A2A4D9700DF34F2 /* Supporting Files */,
			);
			path = ui_elements;
			sourceTree = "<group>";
		};
		3AC5FA4F1A2A4D9700DF34F2 /* Supporting Files */ = {
			isa = PBXGroup;
			children = (
				3AC5FA501A2A4D9700DF34F2 /* Info.plist */,
				3AC5FA511A2A4D9700DF34F2 /* main.m */,
			);
			name = "Supporting Files";
			sourceTree = "<group>";
		};
		3AC5FA681A2A4D9700DF34F2 /* ui_elementsTests */ = {
			isa = PBXGroup;
			children = (
				3AC5FA6B1A2A4D9700DF34F2 /* ui_elementsTests.m */,
				3AC5FA691A2A4D9700DF34F2 /* Supporting Files */,
			);
			path = ui_elementsTests;
			sourceTree = "<group>";
		};
		3AC5FA691A2A4D9700DF34F2 /* Supporting Files */ = {
			isa = PBXGroup;
			children = (
				3AC5FA6A1A2A4D9700DF34F2 /* Info.plist */,
			);
			name = "Supporting Files";
			sourceTree = "<group>";
		};
/* End PBXGroup section */

/* Begin PBXNativeTarget section */
		3AC5FA4B1A2A4D9700DF34F2 /* ui_elements */ = {
			isa = PBXNativeTarget;
			buildConfigurationList = 3AC5FA6F1A2A4D9700DF34F2 /* Build configuration list for PBXNativeTarget "ui_elements" */;
			buildPhases = (
				3AC5FA481A2A4D9700DF34F2 /* Sources */,
				3AC5FA491A2A4D9700DF34F2 /* Frameworks */,
				3AC5FA4A1A2A4D9700DF34F2 /* Resources */,
			);
			buildRules = (
			);
			dependencies = (
			);
			name = ui_elements;
			productName = ui_elements;
			productReference = 3AC5FA4C1A2A4D9700DF34F2 /* ui_elements.app */;
			productType = "com.apple.product-type.application";
		};
		3AC5FA641A2A4D9700DF34F2 /* ui_elementsTests */ = {
			isa = PBXNativeTarget;
			buildConfigurationList = 3AC5FA721A2A4D9700DF34F2 /* Build configuration list for PBXNativeTarget "ui_elementsTests" */;
			buildPhases = (
				3AC5FA611A2A4D9700DF34F2 /* Sources */,
				3AC5FA621A2A4D9700DF34F2 /* Frameworks */,
				3AC5FA631A2A4D9700DF34F2 /* Resources */,
			);
			buildRules = (
			);
			dependencies = (
				3AC5FA671A2A4D9700DF34F2 /* PBXTargetDependency */,
			);
			name = ui_elementsTests;
			productName = ui_elementsTests;
			productReference = 3AC5FA651A2A4D9700DF34F2 /* ui_elementsTests.xctest */;
			productType = "com.apple.product-type.bundle.unit-test";
		};
/* End PBXNativeTarget section */

/* Begin PBXProject section */
		3AC5FA441A2A4D9700DF34F2 /* Project object */ = {
			isa = PBXProject;
			attributes = {
				LastUpgradeCheck = 0600;
				ORGANIZATIONNAME = Dadits;
				TargetAttributes = {
					3AC5FA4B1A2A4D9700DF34F2 = {
						CreatedOnToolsVersion = 6.0.1;
					};
					3AC5FA641A2A4D9700DF34F2 = {
						CreatedOnToolsVersion = 6.0.1;
						TestTargetID = 3AC5FA4B1A2A4D9700DF34F2;
					};
				};
			};
			buildConfigurationList = 3AC5FA471A2A4D9700DF34F2 /* Build configuration list for PBXProject "ui_elements" */;
			compatibilityVersion = "Xcode 3.2";
			developmentRegion = English;
			hasScannedForEncodings = 0;
			knownRegions = (
				en,
				Base,
			);
			mainGroup = 3AC5FA431A2A4D9700DF34F2;
			productRefGroup = 3AC5FA4D1A2A4D9700DF34F2 /* Products */;
			projectDirPath = "";
			projectRoot = "";
			targets = (
				3AC5FA4B1A2A4D9700DF34F2 /* ui_elements */,
				3AC5FA641A2A4D9700DF34F2 /* ui_elementsTests */,
			);
		};
/* End PBXProject section */

/* Begin PBXResourcesBuildPhase section */
		3AC5FA4A1A2A4D9700DF34F2 /* Resources */ = {
			isa = PBXResourcesBuildPhase;
			buildActionMask = 2147483647;
			files = (
				3AC5FA5B1A2A4D9700DF34F2 /* Main.storyboard in Resources */,
				3AC5FA601A2A4D9700DF34F2 /* LaunchScreen.xib in Resources */,
				3AC5FA5D1A2A4D9700DF34F2 /* Images.xcassets in Resources */,
				3AC5FA781A2A911900DF34F2 /* apple.png in Resources */,
			);
			runOnlyForDeploymentPostprocessing = 0;
		};
		3AC5FA631A2A4D9700DF34F2 /* Resources */ = {
			isa = PBXResourcesBuildPhase;
			buildActionMask = 2147483647;
			files = (
			);
			runOnlyForDeploymentPostprocessing = 0;
		};
/* End PBXResourcesBuildPhase section */

/* Begin PBXSourcesBuildPhase section */
		3AC5FA481A2A4D9700DF34F2 /* Sources */ = {
			isa = PBXSourcesBuildPhase;
			buildActionMask = 2147483647;
			files = (
				3AC5FA581A2A4D9700DF34F2 /* ViewController.m in Sources */,
				3AC5FA551A2A4D9700DF34F2 /* AppDelegate.m in Sources */,
				3AC5FA521A2A4D9700DF34F2 /* main.m in Sources */,
			);
			runOnlyForDeploymentPostprocessing = 0;
		};
		3AC5FA611A2A4D9700DF34F2 /* Sources */ = {
			isa = PBXSourcesBuildPhase;
			buildActionMask = 2147483647;
			files = (
				3AC5FA6C1A2A4D9700DF34F2 /* ui_elementsTests.m in Sources */,
			);
			runOnlyForDeploymentPostprocessing = 0;
		};
/* End PBXSourcesBuildPhase section */

/* Begin PBXTargetDependency section */
		3AC5FA671A2A4D9700DF34F2 /* PBXTargetDependency */ = {
			isa = PBXTargetDependency;
			target = 3AC5FA4B1A2A4D9700DF34F2 /* ui_elements */;
			targetProxy = 3AC5FA661A2A4D9700DF34F2 /* PBXContainerItemProxy */;
		};
/* End PBXTargetDependency section */

/* Begin PBXVariantGroup section */
		3AC5FA591A2A4D9700DF34F2 /* Main.storyboard */ = {
			isa = PBXVariantGroup;
			children = (
				3AC5FA5A1A2A4D9700DF34F2 /* Base */,
			);
			name = Main.storyboard;
			sourceTree = "<group>";
		};
		3AC5FA5E1A2A4D9700DF34F2 /* LaunchScreen.xib */ = {
			isa = PBXVariantGroup;
			children = (
				3AC5FA5F1A2A4D9700DF34F2 /* Base */,
			);
			name = LaunchScreen.xib;
			sourceTree = "<group>";
		};
/* End PBXVariantGroup section */

/* Begin XCBuildConfiguration section */
		3AC5FA6D1A2A4D9700DF34F2 /* Debug */ = {
			isa = XCBuildConfiguration;
			buildSettings = {
				ALWAYS_SEARCH_USER_PATHS = NO;
				CLANG_CXX_LANGUAGE_STANDARD = "gnu++0x";
				CLANG_CXX_LIBRARY = "libc++";
				CLANG_ENABLE_MODULES = YES;
				CLANG_ENABLE_OBJC_ARC = YES;
				CLANG_WARN_BOOL_CONVERSION = YES;
				CLANG_WARN_CONSTANT_CONVERSION = YES;
				CLANG_WARN_DIRECT_OBJC_ISA_USAGE = YES_ERROR;
				CLANG_WARN_EMPTY_BODY = YES;
				CLANG_WARN_ENUM_CONVERSION = YES;
				CLANG_WARN_INT_CONVERSION = YES;
				CLANG_WARN_OBJC_ROOT_CLASS = YES_ERROR;
				CLANG_WARN_UNREACHABLE_CODE = YES;
				CLANG_WARN__DUPLICATE_METHOD_MATCH = YES;
				"CODE_SIGN_IDENTITY[sdk=iphoneos*]" = "iPhone Developer";
				COPY_PHASE_STRIP = NO;
				ENABLE_STRICT_OBJC_MSGSEND = YES;
				GCC_C_LANGUAGE_STANDARD = gnu99;
				GCC_DYNAMIC_NO_PIC = NO;
				GCC_OPTIMIZATION_LEVEL = 0;
				GCC_PREPROCESSOR_DEFINITIONS = (
					"DEBUG=1",
					"$(inherited)",
				);
				GCC_SYMBOLS_PRIVATE_EXTERN = NO;
				GCC_WARN_64_TO_32_BIT_CONVERSION = YES;
				GCC_WARN_ABOUT_RETURN_TYPE = YES_ERROR;
				GCC_WARN_UNDECLARED_SELECTOR = YES;
				GCC_WARN_UNINITIALIZED_AUTOS = YES_AGGRESSIVE;
				GCC_WARN_UNUSED_FUNCTION = YES;
				GCC_WARN_UNUSED_VARIABLE = YES;
				IPHONEOS_DEPLOYMENT_TARGET = 8.0;
				MTL_ENABLE_DEBUG_INFO = YES;
				ONLY_ACTIVE_ARCH = YES;
				SDKROOT = iphoneos;
			};
			name = Debug;
		};
		3AC5FA6E1A2A4D9700DF34F2 /* Release */ = {
			isa = XCBuildConfiguration;
			buildSettings = {
				ALWAYS_SEARCH_USER_PATHS = NO;
				CLANG_CXX_LANGUAGE_STANDARD = "gnu++0x";
				CLANG_CXX_LIBRARY = "libc++";
				CLANG_ENABLE_MODULES = YES;
				CLANG_ENABLE_OBJC_ARC = YES;
				CLANG_WARN_BOOL_CONVERSION = YES;
				CLANG_WARN_CONSTANT_CONVERSION = YES;
				CLANG_WARN_DIRECT_OBJC_ISA_USAGE = YES_ERROR;
				CLANG_WARN_EMPTY_BODY = YES;
				CLANG_WARN_ENUM_CONVERSION = YES;
				CLANG_WARN_INT_CONVERSION = YES;
				CLANG_WARN_OBJC_ROOT_CLASS = YES_ERROR;
				CLANG_WARN_UNREACHABLE_CODE = YES;
				CLANG_WARN__DUPLICATE_METHOD_MATCH = YES;
				"CODE_SIGN_IDENTITY[sdk=iphoneos*]" = "iPhone Developer";
				COPY_PHASE_STRIP = YES;
				ENABLE_NS_ASSERTIONS = NO;
				ENABLE_STRICT_OBJC_MSGSEND = YES;
				GCC_C_LANGUAGE_STANDARD = gnu99;
				GCC_WARN_64_TO_32_BIT_CONVERSION = YES;
				GCC_WARN_ABOUT_RETURN_TYPE = YES_ERROR;
				GCC_WARN_UNDECLARED_SELECTOR = YES;
				GCC_WARN_UNINITIALIZED_AUTOS = YES_AGGRESSIVE;
				GCC_WARN_UNUSED_FUNCTION = YES;
				GCC_WARN_UNUSED_VARIABLE = YES;
				IPHONEOS_DEPLOYMENT_TARGET = 8.0;
				MTL_ENABLE_DEBUG_INFO = NO;
				SDKROOT = iphoneos;
				VALIDATE_PRODUCT = YES;
			};
			name = Release;
		};
		3AC5FA701A2A4D9700DF34F2 /* Debug */ = {
			isa = XCBuildConfiguration;
			buildSettings = {
				ASSETCATALOG_COMPILER_APPICON_NAME = AppIcon;
				INFOPLIST_FILE = ui_elements/Info.plist;
				LD_RUNPATH_SEARCH_PATHS = "$(inherited) @executable_path/Frameworks";
				PRODUCT_NAME = "$(TARGET_NAME)";
			};
			name = Debug;
		};
		3AC5FA711A2A4D9700DF34F2 /* Release */ = {
			isa = XCBuildConfiguration;
			buildSettings = {
				ASSETCATALOG_COMPILER_APPICON_NAME = AppIcon;
				INFOPLIST_FILE = ui_elements/Info.plist;
				LD_RUNPATH_SEARCH_PATHS = "$(inherited) @executable_path/Frameworks";
				PRODUCT_NAME = "$(TARGET_NAME)";
			};
			name = Release;
		};
		3AC5FA731A2A4D9700DF34F2 /* Debug */ = {
			isa = XCBuildConfiguration;
			buildSettings = {
				BUNDLE_LOADER = "$(TEST_HOST)";
				FRAMEWORK_SEARCH_PATHS = (
					"$(SDKROOT)/Developer/Library/Frameworks",
					"$(inherited)",
				);
				GCC_PREPROCESSOR_DEFINITIONS = (
					"DEBUG=1",
					"$(inherited)",
				);
				INFOPLIST_FILE = ui_elementsTests/Info.plist;
				LD_RUNPATH_SEARCH_PATHS = "$(inherited) @executable_path/Frameworks @loader_path/Frameworks";
				PRODUCT_NAME = "$(TARGET_NAME)";
				TEST_HOST = "$(BUILT_PRODUCTS_DIR)/ui_elements.app/ui_elements";
			};
			name = Debug;
		};
		3AC5FA741A2A4D9700DF34F2 /* Release */ = {
			isa = XCBuildConfiguration;
			buildSettings = {
				BUNDLE_LOADER = "$(TEST_HOST)";
				FRAMEWORK_SEARCH_PATHS = (
					"$(SDKROOT)/Developer/Library/Frameworks",
					"$(inherited)",
				);
				INFOPLIST_FILE = ui_elementsTests/Info.plist;
				LD_RUNPATH_SEARCH_PATHS = "$(inherited) @executable_path/Frameworks @loader_path/Frameworks";
				PRODUCT_NAME = "$(TARGET_NAME)";
				TEST_HOST = "$(BUILT_PRODUCTS_DIR)/ui_elements.app/ui_elements";
			};
			name = Release;
		};
/* End XCBuildConfiguration section */

/* Begin XCConfigurationList section */
		3AC5FA471A2A4D9700DF34F2 /* Build configuration list for PBXProject "ui_elements" */ = {
			isa = XCConfigurationList;
			buildConfigurations = (
				3AC5FA6D1A2A4D9700DF34F2 /* Debug */,
				3AC5FA6E1A2A4D9700DF34F2 /* Release */,
			);
			defaultConfigurationIsVisible = 0;
			defaultConfigurationName = Release;
		};
		3AC5FA6F1A2A4D9700DF34F2 /* Build configuration list for PBXNativeTarget "ui_elements" */ = {
			isa = XCConfigurationList;
			buildConfigurations = (
				3AC5FA701A2A4D9700DF34F2 /* Debug */,
				3AC5FA711A2A4D9700DF34F2 /* Release */,
			);
			defaultConfigurationIsVisible = 0;
			defaultConfigurationName = Release;
		};
		3AC5FA721A2A4D9700DF34F2 /* Build configuration list for PBXNativeTarget "ui_elementsTests" */ = {
			isa = XCConfigurationList;
			buildConfigurations = (
				3AC5FA731A2A4D9700DF34F2 /* Debug */,
				3AC5FA741A2A4D9700DF34F2 /* Release */,
			);
			defaultConfigurationIsVisible = 0;
			defaultConfigurationName = Release;
		};
/* End XCConfigurationList section */
	};
	rootObject = 3AC5FA441A2A4D9700DF34F2 /* Project object */;
}
