// !$*UTF8*$!
{
	archiveVersion = 1;
	classes = {
	};
	objectVersion = 46;
	objects = {

/* Begin PBXBuildFile section */
		3AC9D6051A459E35003A19DD /* main.m in Sources */ = {isa = PBXBuildFile; fileRef = 3AC9D6041A459E35003A19DD /* main.m */; };
		3AC9D6081A459E35003A19DD /* AppDelegate.m in Sources */ = {isa = PBXBuildFile; fileRef = 3AC9D6071A459E35003A19DD /* AppDelegate.m */; };
		3AC9D60B1A459E35003A19DD /* todo_app.xcdatamodeld in Sources */ = {isa = PBXBuildFile; fileRef = 3AC9D6091A459E35003A19DD /* todo_app.xcdatamodeld */; };
		3AC9D60E1A459E35003A19DD /* MasterViewController.m in Sources */ = {isa = PBXBuildFile; fileRef = 3AC9D60D1A459E35003A19DD /* MasterViewController.m */; };
		3AC9D6111A459E35003A19DD /* DetailViewController.m in Sources */ = {isa = PBXBuildFile; fileRef = 3AC9D6101A459E35003A19DD /* DetailViewController.m */; };
		3AC9D6141A459E35003A19DD /* Main.storyboard in Resources */ = {isa = PBXBuildFile; fileRef = 3AC9D6121A459E35003A19DD /* Main.storyboard */; };
		3AC9D6161A459E35003A19DD /* Images.xcassets in Resources */ = {isa = PBXBuildFile; fileRef = 3AC9D6151A459E35003A19DD /* Images.xcassets */; };
		3AC9D6191A459E35003A19DD /* LaunchScreen.xib in Resources */ = {isa = PBXBuildFile; fileRef = 3AC9D6171A459E35003A19DD /* LaunchScreen.xib */; };
		3AC9D6251A459E35003A19DD /* todo_appTests.m in Sources */ = {isa = PBXBuildFile; fileRef = 3AC9D6241A459E35003A19DD /* todo_appTests.m */; };
		3AC9D6301A45B4D3003A19DD /* Todo.m in Sources */ = {isa = PBXBuildFile; fileRef = 3AC9D62F1A45B4D3003A19DD /* Todo.m */; };
		3AF4054C1A4777EB00471D48 /* EditViewController.m in Sources */ = {isa = PBXBuildFile; fileRef = 3AF4054B1A4777EB00471D48 /* EditViewController.m */; };
/* End PBXBuildFile section */

/* Begin PBXContainerItemProxy section */
		3AC9D61F1A459E35003A19DD /* PBXContainerItemProxy */ = {
			isa = PBXContainerItemProxy;
			containerPortal = 3AC9D5F71A459E35003A19DD /* Project object */;
			proxyType = 1;
			remoteGlobalIDString = 3AC9D5FE1A459E35003A19DD;
			remoteInfo = todo_app;
		};
/* End PBXContainerItemProxy section */

/* Begin PBXFileReference section */
		3AC9D5FF1A459E35003A19DD /* todo_app.app */ = {isa = PBXFileReference; explicitFileType = wrapper.application; includeInIndex = 0; path = todo_app.app; sourceTree = BUILT_PRODUCTS_DIR; };
		3AC9D6031A459E35003A19DD /* Info.plist */ = {isa = PBXFileReference; lastKnownFileType = text.plist.xml; path = Info.plist; sourceTree = "<group>"; };
		3AC9D6041A459E35003A19DD /* main.m */ = {isa = PBXFileReference; lastKnownFileType = sourcecode.c.objc; path = main.m; sourceTree = "<group>"; };
		3AC9D6061A459E35003A19DD /* AppDelegate.h */ = {isa = PBXFileReference; lastKnownFileType = sourcecode.c.h; path = AppDelegate.h; sourceTree = "<group>"; };
		3AC9D6071A459E35003A19DD /* AppDelegate.m */ = {isa = PBXFileReference; lastKnownFileType = sourcecode.c.objc; path = AppDelegate.m; sourceTree = "<group>"; };
		3AC9D60A1A459E35003A19DD /* todo_app.xcdatamodel */ = {isa = PBXFileReference; lastKnownFileType = wrapper.xcdatamodel; path = todo_app.xcdatamodel; sourceTree = "<group>"; };
		3AC9D60C1A459E35003A19DD /* MasterViewController.h */ = {isa = PBXFileReference; lastKnownFileType = sourcecode.c.h; path = MasterViewController.h; sourceTree = "<group>"; };
		3AC9D60D1A459E35003A19DD /* MasterViewController.m */ = {isa = PBXFileReference; lastKnownFileType = sourcecode.c.objc; path = MasterViewController.m; sourceTree = "<group>"; };
		3AC9D60F1A459E35003A19DD /* DetailViewController.h */ = {isa = PBXFileReference; lastKnownFileType = sourcecode.c.h; path = DetailViewController.h; sourceTree = "<group>"; };
		3AC9D6101A459E35003A19DD /* DetailViewController.m */ = {isa = PBXFileReference; lastKnownFileType = sourcecode.c.objc; path = DetailViewController.m; sourceTree = "<group>"; };
		3AC9D6131A459E35003A19DD /* Base */ = {isa = PBXFileReference; lastKnownFileType = file.storyboard; name = Base; path = Base.lproj/Main.storyboard; sourceTree = "<group>"; };
		3AC9D6151A459E35003A19DD /* Images.xcassets */ = {isa = PBXFileReference; lastKnownFileType = folder.assetcatalog; path = Images.xcassets; sourceTree = "<group>"; };
		3AC9D6181A459E35003A19DD /* Base */ = {isa = PBXFileReference; lastKnownFileType = file.xib; name = Base; path = Base.lproj/LaunchScreen.xib; sourceTree = "<group>"; };
		3AC9D61E1A459E35003A19DD /* todo_appTests.xctest */ = {isa = PBXFileReference; explicitFileType = wrapper.cfbundle; includeInIndex = 0; path = todo_appTests.xctest; sourceTree = BUILT_PRODUCTS_DIR; };
		3AC9D6231A459E35003A19DD /* Info.plist */ = {isa = PBXFileReference; lastKnownFileType = text.plist.xml; path = Info.plist; sourceTree = "<group>"; };
		3AC9D6241A459E35003A19DD /* todo_appTests.m */ = {isa = PBXFileReference; lastKnownFileType = sourcecode.c.objc; path = todo_appTests.m; sourceTree = "<group>"; };
		3AC9D62E1A45B4D3003A19DD /* Todo.h */ = {isa = PBXFileReference; fileEncoding = 4; lastKnownFileType = sourcecode.c.h; path = Todo.h; sourceTree = "<group>"; };
		3AC9D62F1A45B4D3003A19DD /* Todo.m */ = {isa = PBXFileReference; fileEncoding = 4; lastKnownFileType = sourcecode.c.objc; path = Todo.m; sourceTree = "<group>"; };
		3AF4054A1A4777EB00471D48 /* EditViewController.h */ = {isa = PBXFileReference; fileEncoding = 4; lastKnownFileType = sourcecode.c.h; path = EditViewController.h; sourceTree = "<group>"; };
		3AF4054B1A4777EB00471D48 /* EditViewController.m */ = {isa = PBXFileReference; fileEncoding = 4; lastKnownFileType = sourcecode.c.objc; path = EditViewController.m; sourceTree = "<group>"; };
/* End PBXFileReference section */

/* Begin PBXFrameworksBuildPhase section */
		3AC9D5FC1A459E35003A19DD /* Frameworks */ = {
			isa = PBXFrameworksBuildPhase;
			buildActionMask = 2147483647;
			files = (
			);
			runOnlyForDeploymentPostprocessing = 0;
		};
		3AC9D61B1A459E35003A19DD /* Frameworks */ = {
			isa = PBXFrameworksBuildPhase;
			buildActionMask = 2147483647;
			files = (
			);
			runOnlyForDeploymentPostprocessing = 0;
		};
/* End PBXFrameworksBuildPhase section */

/* Begin PBXGroup section */
		3AC9D5F61A459E35003A19DD = {
			isa = PBXGroup;
			children = (
				3AC9D6011A459E35003A19DD /* todo_app */,
				3AC9D6211A459E35003A19DD /* todo_appTests */,
				3AC9D6001A459E35003A19DD /* Products */,
			);
			sourceTree = "<group>";
		};
		3AC9D6001A459E35003A19DD /* Products */ = {
			isa = PBXGroup;
			children = (
				3AC9D5FF1A459E35003A19DD /* todo_app.app */,
				3AC9D61E1A459E35003A19DD /* todo_appTests.xctest */,
			);
			name = Products;
			sourceTree = "<group>";
		};
		3AC9D6011A459E35003A19DD /* todo_app */ = {
			isa = PBXGroup;
			children = (
				3AC9D6061A459E35003A19DD /* AppDelegate.h */,
				3AC9D6071A459E35003A19DD /* AppDelegate.m */,
				3AC9D60C1A459E35003A19DD /* MasterViewController.h */,
				3AC9D60D1A459E35003A19DD /* MasterViewController.m */,
				3AC9D60F1A459E35003A19DD /* DetailViewController.h */,
				3AC9D6101A459E35003A19DD /* DetailViewController.m */,
				3AF4054A1A4777EB00471D48 /* EditViewController.h */,
				3AF4054B1A4777EB00471D48 /* EditViewController.m */,
				3AC9D6121A459E35003A19DD /* Main.storyboard */,
				3AC9D6151A459E35003A19DD /* Images.xcassets */,
				3AC9D6171A459E35003A19DD /* LaunchScreen.xib */,
				3AC9D6091A459E35003A19DD /* todo_app.xcdatamodeld */,
				3AC9D62E1A45B4D3003A19DD /* Todo.h */,
				3AC9D62F1A45B4D3003A19DD /* Todo.m */,
				3AC9D6021A459E35003A19DD /* Supporting Files */,
			);
			path = todo_app;
			sourceTree = "<group>";
		};
		3AC9D6021A459E35003A19DD /* Supporting Files */ = {
			isa = PBXGroup;
			children = (
				3AC9D6031A459E35003A19DD /* Info.plist */,
				3AC9D6041A459E35003A19DD /* main.m */,
			);
			name = "Supporting Files";
			sourceTree = "<group>";
		};
		3AC9D6211A459E35003A19DD /* todo_appTests */ = {
			isa = PBXGroup;
			children = (
				3AC9D6241A459E35003A19DD /* todo_appTests.m */,
				3AC9D6221A459E35003A19DD /* Supporting Files */,
			);
			path = todo_appTests;
			sourceTree = "<group>";
		};
		3AC9D6221A459E35003A19DD /* Supporting Files */ = {
			isa = PBXGroup;
			children = (
				3AC9D6231A459E35003A19DD /* Info.plist */,
			);
			name = "Supporting Files";
			sourceTree = "<group>";
		};
/* End PBXGroup section */

/* Begin PBXNativeTarget section */
		3AC9D5FE1A459E35003A19DD /* todo_app */ = {
			isa = PBXNativeTarget;
			buildConfigurationList = 3AC9D6281A459E35003A19DD /* Build configuration list for PBXNativeTarget "todo_app" */;
			buildPhases = (
				3AC9D5FB1A459E35003A19DD /* Sources */,
				3AC9D5FC1A459E35003A19DD /* Frameworks */,
				3AC9D5FD1A459E35003A19DD /* Resources */,
			);
			buildRules = (
			);
			dependencies = (
			);
			name = todo_app;
			productName = todo_app;
			productReference = 3AC9D5FF1A459E35003A19DD /* todo_app.app */;
			productType = "com.apple.product-type.application";
		};
		3AC9D61D1A459E35003A19DD /* todo_appTests */ = {
			isa = PBXNativeTarget;
			buildConfigurationList = 3AC9D62B1A459E35003A19DD /* Build configuration list for PBXNativeTarget "todo_appTests" */;
			buildPhases = (
				3AC9D61A1A459E35003A19DD /* Sources */,
				3AC9D61B1A459E35003A19DD /* Frameworks */,
				3AC9D61C1A459E35003A19DD /* Resources */,
			);
			buildRules = (
			);
			dependencies = (
				3AC9D6201A459E35003A19DD /* PBXTargetDependency */,
			);
			name = todo_appTests;
			productName = todo_appTests;
			productReference = 3AC9D61E1A459E35003A19DD /* todo_appTests.xctest */;
			productType = "com.apple.product-type.bundle.unit-test";
		};
/* End PBXNativeTarget section */

/* Begin PBXProject section */
		3AC9D5F71A459E35003A19DD /* Project object */ = {
			isa = PBXProject;
			attributes = {
				LastUpgradeCheck = 0600;
				ORGANIZATIONNAME = Dadits;
				TargetAttributes = {
					3AC9D5FE1A459E35003A19DD = {
						CreatedOnToolsVersion = 6.0.1;
					};
					3AC9D61D1A459E35003A19DD = {
						CreatedOnToolsVersion = 6.0.1;
						TestTargetID = 3AC9D5FE1A459E35003A19DD;
					};
				};
			};
			buildConfigurationList = 3AC9D5FA1A459E35003A19DD /* Build configuration list for PBXProject "todo_app" */;
			compatibilityVersion = "Xcode 3.2";
			developmentRegion = English;
			hasScannedForEncodings = 0;
			knownRegions = (
				en,
				Base,
			);
			mainGroup = 3AC9D5F61A459E35003A19DD;
			productRefGroup = 3AC9D6001A459E35003A19DD /* Products */;
			projectDirPath = "";
			projectRoot = "";
			targets = (
				3AC9D5FE1A459E35003A19DD /* todo_app */,
				3AC9D61D1A459E35003A19DD /* todo_appTests */,
			);
		};
/* End PBXProject section */

/* Begin PBXResourcesBuildPhase section */
		3AC9D5FD1A459E35003A19DD /* Resources */ = {
			isa = PBXResourcesBuildPhase;
			buildActionMask = 2147483647;
			files = (
				3AC9D6141A459E35003A19DD /* Main.storyboard in Resources */,
				3AC9D6191A459E35003A19DD /* LaunchScreen.xib in Resources */,
				3AC9D6161A459E35003A19DD /* Images.xcassets in Resources */,
			);
			runOnlyForDeploymentPostprocessing = 0;
		};
		3AC9D61C1A459E35003A19DD /* Resources */ = {
			isa = PBXResourcesBuildPhase;
			buildActionMask = 2147483647;
			files = (
			);
			runOnlyForDeploymentPostprocessing = 0;
		};
/* End PBXResourcesBuildPhase section */

/* Begin PBXSourcesBuildPhase section */
		3AC9D5FB1A459E35003A19DD /* Sources */ = {
			isa = PBXSourcesBuildPhase;
			buildActionMask = 2147483647;
			files = (
				3AC9D6111A459E35003A19DD /* DetailViewController.m in Sources */,
				3AC9D6301A45B4D3003A19DD /* Todo.m in Sources */,
				3AC9D60E1A459E35003A19DD /* MasterViewController.m in Sources */,
				3AF4054C1A4777EB00471D48 /* EditViewController.m in Sources */,
				3AC9D60B1A459E35003A19DD /* todo_app.xcdatamodeld in Sources */,
				3AC9D6081A459E35003A19DD /* AppDelegate.m in Sources */,
				3AC9D6051A459E35003A19DD /* main.m in Sources */,
			);
			runOnlyForDeploymentPostprocessing = 0;
		};
		3AC9D61A1A459E35003A19DD /* Sources */ = {
			isa = PBXSourcesBuildPhase;
			buildActionMask = 2147483647;
			files = (
				3AC9D6251A459E35003A19DD /* todo_appTests.m in Sources */,
			);
			runOnlyForDeploymentPostprocessing = 0;
		};
/* End PBXSourcesBuildPhase section */

/* Begin PBXTargetDependency section */
		3AC9D6201A459E35003A19DD /* PBXTargetDependency */ = {
			isa = PBXTargetDependency;
			target = 3AC9D5FE1A459E35003A19DD /* todo_app */;
			targetProxy = 3AC9D61F1A459E35003A19DD /* PBXContainerItemProxy */;
		};
/* End PBXTargetDependency section */

/* Begin PBXVariantGroup section */
		3AC9D6121A459E35003A19DD /* Main.storyboard */ = {
			isa = PBXVariantGroup;
			children = (
				3AC9D6131A459E35003A19DD /* Base */,
			);
			name = Main.storyboard;
			sourceTree = "<group>";
		};
		3AC9D6171A459E35003A19DD /* LaunchScreen.xib */ = {
			isa = PBXVariantGroup;
			children = (
				3AC9D6181A459E35003A19DD /* Base */,
			);
			name = LaunchScreen.xib;
			sourceTree = "<group>";
		};
/* End PBXVariantGroup section */

/* Begin XCBuildConfiguration section */
		3AC9D6261A459E35003A19DD /* Debug */ = {
			isa = XCBuildConfiguration;
			buildSettings = {
				ALWAYS_SEARCH_USER_PATHS = NO;
				CLANG_CXX_LANGUAGE_STANDARD = "gnu++0x";
				CLANG_CXX_LIBRARY = "libc++";
				CLANG_ENABLE_MODULES = YES;
				CLANG_ENABLE_OBJC_ARC = YES;
				CLANG_WARN_BOOL_CONVERSION = YES;
				CLANG_WARN_CONSTANT_CONVERSION = YES;
				CLANG_WARN_DIRECT_OBJC_ISA_USAGE = YES_ERROR;
				CLANG_WARN_EMPTY_BODY = YES;
				CLANG_WARN_ENUM_CONVERSION = YES;
				CLANG_WARN_INT_CONVERSION = YES;
				CLANG_WARN_OBJC_ROOT_CLASS = YES_ERROR;
				CLANG_WARN_UNREACHABLE_CODE = YES;
				CLANG_WARN__DUPLICATE_METHOD_MATCH = YES;
				"CODE_SIGN_IDENTITY[sdk=iphoneos*]" = "iPhone Developer";
				COPY_PHASE_STRIP = NO;
				ENABLE_STRICT_OBJC_MSGSEND = YES;
				GCC_C_LANGUAGE_STANDARD = gnu99;
				GCC_DYNAMIC_NO_PIC = NO;
				GCC_OPTIMIZATION_LEVEL = 0;
				GCC_PREPROCESSOR_DEFINITIONS = (
					"DEBUG=1",
					"$(inherited)",
				);
				GCC_SYMBOLS_PRIVATE_EXTERN = NO;
				GCC_WARN_64_TO_32_BIT_CONVERSION = YES;
				GCC_WARN_ABOUT_RETURN_TYPE = YES_ERROR;
				GCC_WARN_UNDECLARED_SELECTOR = YES;
				GCC_WARN_UNINITIALIZED_AUTOS = YES_AGGRESSIVE;
				GCC_WARN_UNUSED_FUNCTION = YES;
				GCC_WARN_UNUSED_VARIABLE = YES;
				IPHONEOS_DEPLOYMENT_TARGET = 8.0;
				MTL_ENABLE_DEBUG_INFO = YES;
				ONLY_ACTIVE_ARCH = YES;
				SDKROOT = iphoneos;
			};
			name = Debug;
		};
		3AC9D6271A459E35003A19DD /* Release */ = {
			isa = XCBuildConfiguration;
			buildSettings = {
				ALWAYS_SEARCH_USER_PATHS = NO;
				CLANG_CXX_LANGUAGE_STANDARD = "gnu++0x";
				CLANG_CXX_LIBRARY = "libc++";
				CLANG_ENABLE_MODULES = YES;
				CLANG_ENABLE_OBJC_ARC = YES;
				CLANG_WARN_BOOL_CONVERSION = YES;
				CLANG_WARN_CONSTANT_CONVERSION = YES;
				CLANG_WARN_DIRECT_OBJC_ISA_USAGE = YES_ERROR;
				CLANG_WARN_EMPTY_BODY = YES;
				CLANG_WARN_ENUM_CONVERSION = YES;
				CLANG_WARN_INT_CONVERSION = YES;
				CLANG_WARN_OBJC_ROOT_CLASS = YES_ERROR;
				CLANG_WARN_UNREACHABLE_CODE = YES;
				CLANG_WARN__DUPLICATE_METHOD_MATCH = YES;
				"CODE_SIGN_IDENTITY[sdk=iphoneos*]" = "iPhone Developer";
				COPY_PHASE_STRIP = YES;
				ENABLE_NS_ASSERTIONS = NO;
				ENABLE_STRICT_OBJC_MSGSEND = YES;
				GCC_C_LANGUAGE_STANDARD = gnu99;
				GCC_WARN_64_TO_32_BIT_CONVERSION = YES;
				GCC_WARN_ABOUT_RETURN_TYPE = YES_ERROR;
				GCC_WARN_UNDECLARED_SELECTOR = YES;
				GCC_WARN_UNINITIALIZED_AUTOS = YES_AGGRESSIVE;
				GCC_WARN_UNUSED_FUNCTION = YES;
				GCC_WARN_UNUSED_VARIABLE = YES;
				IPHONEOS_DEPLOYMENT_TARGET = 8.0;
				MTL_ENABLE_DEBUG_INFO = NO;
				SDKROOT = iphoneos;
				VALIDATE_PRODUCT = YES;
			};
			name = Release;
		};
		3AC9D6291A459E35003A19DD /* Debug */ = {
			isa = XCBuildConfiguration;
			buildSettings = {
				ASSETCATALOG_COMPILER_APPICON_NAME = AppIcon;
				INFOPLIST_FILE = todo_app/Info.plist;
				LD_RUNPATH_SEARCH_PATHS = "$(inherited) @executable_path/Frameworks";
				PRODUCT_NAME = "$(TARGET_NAME)";
			};
			name = Debug;
		};
		3AC9D62A1A459E35003A19DD /* Release */ = {
			isa = XCBuildConfiguration;
			buildSettings = {
				ASSETCATALOG_COMPILER_APPICON_NAME = AppIcon;
				INFOPLIST_FILE = todo_app/Info.plist;
				LD_RUNPATH_SEARCH_PATHS = "$(inherited) @executable_path/Frameworks";
				PRODUCT_NAME = "$(TARGET_NAME)";
			};
			name = Release;
		};
		3AC9D62C1A459E35003A19DD /* Debug */ = {
			isa = XCBuildConfiguration;
			buildSettings = {
				BUNDLE_LOADER = "$(TEST_HOST)";
				FRAMEWORK_SEARCH_PATHS = (
					"$(SDKROOT)/Developer/Library/Frameworks",
					"$(inherited)",
				);
				GCC_PREPROCESSOR_DEFINITIONS = (
					"DEBUG=1",
					"$(inherited)",
				);
				INFOPLIST_FILE = todo_appTests/Info.plist;
				LD_RUNPATH_SEARCH_PATHS = "$(inherited) @executable_path/Frameworks @loader_path/Frameworks";
				PRODUCT_NAME = "$(TARGET_NAME)";
				TEST_HOST = "$(BUILT_PRODUCTS_DIR)/todo_app.app/todo_app";
			};
			name = Debug;
		};
		3AC9D62D1A459E35003A19DD /* Release */ = {
			isa = XCBuildConfiguration;
			buildSettings = {
				BUNDLE_LOADER = "$(TEST_HOST)";
				FRAMEWORK_SEARCH_PATHS = (
					"$(SDKROOT)/Developer/Library/Frameworks",
					"$(inherited)",
				);
				INFOPLIST_FILE = todo_appTests/Info.plist;
				LD_RUNPATH_SEARCH_PATHS = "$(inherited) @executable_path/Frameworks @loader_path/Frameworks";
				PRODUCT_NAME = "$(TARGET_NAME)";
				TEST_HOST = "$(BUILT_PRODUCTS_DIR)/todo_app.app/todo_app";
			};
			name = Release;
		};
/* End XCBuildConfiguration section */

/* Begin XCConfigurationList section */
		3AC9D5FA1A459E35003A19DD /* Build configuration list for PBXProject "todo_app" */ = {
			isa = XCConfigurationList;
			buildConfigurations = (
				3AC9D6261A459E35003A19DD /* Debug */,
				3AC9D6271A459E35003A19DD /* Release */,
			);
			defaultConfigurationIsVisible = 0;
			defaultConfigurationName = Release;
		};
		3AC9D6281A459E35003A19DD /* Build configuration list for PBXNativeTarget "todo_app" */ = {
			isa = XCConfigurationList;
			buildConfigurations = (
				3AC9D6291A459E35003A19DD /* Debug */,
				3AC9D62A1A459E35003A19DD /* Release */,
			);
			defaultConfigurationIsVisible = 0;
			defaultConfigurationName = Release;
		};
		3AC9D62B1A459E35003A19DD /* Build configuration list for PBXNativeTarget "todo_appTests" */ = {
			isa = XCConfigurationList;
			buildConfigurations = (
				3AC9D62C1A459E35003A19DD /* Debug */,
				3AC9D62D1A459E35003A19DD /* Release */,
			);
			defaultConfigurationIsVisible = 0;
			defaultConfigurationName = Release;
		};
/* End XCConfigurationList section */

/* Begin XCVersionGroup section */
		3AC9D6091A459E35003A19DD /* todo_app.xcdatamodeld */ = {
			isa = XCVersionGroup;
			children = (
				3AC9D60A1A459E35003A19DD /* todo_app.xcdatamodel */,
			);
			currentVersion = 3AC9D60A1A459E35003A19DD /* todo_app.xcdatamodel */;
			path = todo_app.xcdatamodeld;
			sourceTree = "<group>";
			versionGroupType = wrapper.xcdatamodel;
		};
/* End XCVersionGroup section */
	};
	rootObject = 3AC9D5F71A459E35003A19DD /* Project object */;
}
